# THIS IS AN AUTOGENERATED FILE. DO NOT EDIT THIS FILE DIRECTLY.
# yarn lockfile v1


argparse@^1.0.7:
  version "1.0.10"
  resolved "https://registry.yarnpkg.com/argparse/-/argparse-1.0.10.tgz#bcd6791ea5ae09725e17e5ad988134cd40b3d911"
  integrity sha512-o5Roy6tNG4SL/FOkCAN6RzjiakZS25RLYFrcMttJqbdd8BWrnA+fGz57iN5Pb06pvBGvl5gQ0B48dJlslXvoTg==
  dependencies:
    sprintf-js "~1.0.2"

"argparse@~ 0.1.11":
  version "0.1.16"
  resolved "https://registry.yarnpkg.com/argparse/-/argparse-0.1.16.tgz#cfd01e0fbba3d6caed049fbd758d40f65196f57c"
  integrity sha1-z9AeD7uj1srtBJ+9dY1A9lGW9Xw=
  dependencies:
    underscore "~1.7.0"
    underscore.string "~2.4.0"

esprima@^4.0.0:
  version "4.0.1"
  resolved "https://registry.yarnpkg.com/esprima/-/esprima-4.0.1.tgz#13b04cdb3e6c5d19df91ab6987a8695619b0aa71"
  integrity sha512-eGuFFw7Upda+g4p+QHvnW0RyTX/SVeJBDM/gCtMARO0cLuT2HcEKnTPvhjV6aGeqrCB/sbNop0Kszm0jsaWU4A==

"esprima@~ 1.0.2":
  version "1.0.4"
  resolved "https://registry.yarnpkg.com/esprima/-/esprima-1.0.4.tgz#9f557e08fc3b4d26ece9dd34f8fbf476b62585ad"
  integrity sha1-n1V+CPw7TSbs6d00+Pv0drYlha0=

js-yaml@^2.0.0:
  version "2.1.3"
  resolved "https://registry.yarnpkg.com/js-yaml/-/js-yaml-2.1.3.tgz#0ffb5617be55525878063d7a16aee7fdd282e84c"
  integrity sha1-D/tWF75VUlh4Bj16Fq7n/dKC6Ew=
  dependencies:
    argparse "~ 0.1.11"
    esprima "~ 1.0.2"

js-yaml@^3.13.1:
  version "3.13.1"
  resolved "https://registry.yarnpkg.com/js-yaml/-/js-yaml-3.13.1.tgz#aff151b30bfdfa8e49e05da22e7415e9dfa37847"
  integrity sha512-YfbcO7jXDdyj0DGxYVSlSeQNHbD7XPWvrVWeVUujrQEoZzWJIRrCPoyk6kL6IAjAG2IolMK4T0hNUe0HOUs5Jw==
  dependencies:
    argparse "^1.0.7"
    esprima "^4.0.0"

ky@^0.13.0:
  version "0.13.0"
  resolved "https://registry.yarnpkg.com/ky/-/ky-0.13.0.tgz#354c3d209f26d772415cbfe4f5d02ccbcb5ed536"
  integrity sha512-qmyUE2IvwLveZEHiLmFzUIrW4EsSX18ItZgEfgx8JXFxSEPKrnXvWrjQDP6zi4mwcie3MWBEHyUg0aNF8OS9oA==

ky@^0.14.0:
  version "0.14.0"
  resolved "https://registry.yarnpkg.com/ky/-/ky-0.14.0.tgz#b99bda5818d3a493f9857f39532ff567e2773c35"
  integrity sha512-NSjg+WCElQPdlF3BFZnjh8s5QlMIP+vIGoyukrRU+n+23VBUX87bQYOoG5h3HX5tO7kKQYXvg+QZVt8n0uWmhg==

sprintf-js@~1.0.2:
  version "1.0.3"
  resolved "https://registry.yarnpkg.com/sprintf-js/-/sprintf-js-1.0.3.tgz#04e6926f662895354f3dd015203633b857297e2c"
  integrity sha1-BOaSb2YolTVPPdAVIDYzuFcpfiw=

underscore.string@~2.4.0:
  version "2.4.0"
  resolved "https://registry.yarnpkg.com/underscore.string/-/underscore.string-2.4.0.tgz#8cdd8fbac4e2d2ea1e7e2e8097c42f442280f85b"
  integrity sha1-jN2PusTi0uoefi6Al8QvRCKA+Fs=

underscore@~1.7.0:
  version "1.7.0"
  resolved "https://registry.yarnpkg.com/underscore/-/underscore-1.7.0.tgz#6bbaf0877500d36be34ecaa584e0db9fef035209"
  integrity sha1-a7rwh3UA02vjTsqlhODbn+8DUgk=
