# THIS IS AN AUTOGENERATED FILE. DO NOT EDIT THIS FILE DIRECTLY.
# yarn lockfile v1


ky@^0.14.0:
  version "0.14.0"
  resolved "https://registry.yarnpkg.com/ky/-/ky-0.14.0.tgz#b99bda5818d3a493f9857f39532ff567e2773c35"
  integrity sha512-NSjg+WCElQPdlF3BFZnjh8s5QlMIP+vIGoyukrRU+n+23VBUX87bQYOoG5h3HX5tO7kKQYXvg+QZVt8n0uWmhg==
